{
  "name": "wxxcx",
  "version": "1.0.0",
  "lockfileVersion": 1,
  "requires": true,
  "dependencies": {
    "weui-miniprogram": {
      "version": "0.3.0",
      "resolved": "http://r.cnpmjs.org/weui-miniprogram/download/weui-miniprogram-0.3.0.tgz",
      "integrity": "sha1-YSS1GHvBc2ks6tFE8FcOnTvjW9g="
    }
  }
}
